// !$*UTF8*$!
{
	archiveVersion = 1;
	classes = {
	};
	objectVersion = 56;
	objects = {

/* Begin PBXBuildFile section */
		B22DEA492C1809F1003E6D6D /* RestartApp.swift in Sources */ = {isa = PBXBuildFile; fileRef = B22DEA482C1809F1003E6D6D /* RestartApp.swift */; };
		B22DEA4B2C1809F1003E6D6D /* ContentView.swift in Sources */ = {isa = PBXBuildFile; fileRef = B22DEA4A2C1809F1003E6D6D /* ContentView.swift */; };
		B22DEA4D2C1809F3003E6D6D /* Assets.xcassets in Resources */ = {isa = PBXBuildFile; fileRef = B22DEA4C2C1809F3003E6D6D /* Assets.xcassets */; };
		B22DEA502C1809F3003E6D6D /* Preview Assets.xcassets in Resources */ = {isa = PBXBuildFile; fileRef = B22DEA4F2C1809F3003E6D6D /* Preview Assets.xcassets */; };
		B22DEA5A2C180A46003E6D6D /* chimeup.mp3 in Resources */ = {isa = PBXBuildFile; fileRef = B22DEA582C180A46003E6D6D /* chimeup.mp3 */; };
		B22DEA5B2C180A46003E6D6D /* success.m4a in Resources */ = {isa = PBXBuildFile; fileRef = B22DEA592C180A46003E6D6D /* success.m4a */; };
		B22DEA5D2C180B89003E6D6D /* CircleGroupView.swift in Sources */ = {isa = PBXBuildFile; fileRef = B22DEA5C2C180B89003E6D6D /* CircleGroupView.swift */; };
		B22DEA622C193F3B003E6D6D /* AudioPlayer.swift in Sources */ = {isa = PBXBuildFile; fileRef = B22DEA612C193F3B003E6D6D /* AudioPlayer.swift */; };
		B22DEA652C19405D003E6D6D /* OnboardingView.swift in Sources */ = {isa = PBXBuildFile; fileRef = B22DEA642C19405D003E6D6D /* OnboardingView.swift */; };
		B22DEA672C194A22003E6D6D /* HomView.swift in Sources */ = {isa = PBXBuildFile; fileRef = B22DEA662C194A22003E6D6D /* HomView.swift */; };
/* End PBXBuildFile section */

/* Begin PBXFileReference section */
		B22DEA452C1809F1003E6D6D /* Restart.app */ = {isa = PBXFileReference; explicitFileType = wrapper.application; includeInIndex = 0; path = Restart.app; sourceTree = BUILT_PRODUCTS_DIR; };
		B22DEA482C1809F1003E6D6D /* RestartApp.swift */ = {isa = PBXFileReference; lastKnownFileType = sourcecode.swift; path = RestartApp.swift; sourceTree = "<group>"; };
		B22DEA4A2C1809F1003E6D6D /* ContentView.swift */ = {isa = PBXFileReference; lastKnownFileType = sourcecode.swift; path = ContentView.swift; sourceTree = "<group>"; };
		B22DEA4C2C1809F3003E6D6D /* Assets.xcassets */ = {isa = PBXFileReference; lastKnownFileType = folder.assetcatalog; path = Assets.xcassets; sourceTree = "<group>"; };
		B22DEA4F2C1809F3003E6D6D /* Preview Assets.xcassets */ = {isa = PBXFileReference; lastKnownFileType = folder.assetcatalog; path = "Preview Assets.xcassets"; sourceTree = "<group>"; };
		B22DEA582C180A46003E6D6D /* chimeup.mp3 */ = {isa = PBXFileReference; lastKnownFileType = audio.mp3; path = chimeup.mp3; sourceTree = "<group>"; };
		B22DEA592C180A46003E6D6D /* success.m4a */ = {isa = PBXFileReference; lastKnownFileType = file; path = success.m4a; sourceTree = "<group>"; };
		B22DEA5C2C180B89003E6D6D /* CircleGroupView.swift */ = {isa = PBXFileReference; lastKnownFileType = sourcecode.swift; path = CircleGroupView.swift; sourceTree = "<group>"; };
		B22DEA612C193F3B003E6D6D /* AudioPlayer.swift */ = {isa = PBXFileReference; lastKnownFileType = sourcecode.swift; path = AudioPlayer.swift; sourceTree = "<group>"; };
		B22DEA642C19405D003E6D6D /* OnboardingView.swift */ = {isa = PBXFileReference; lastKnownFileType = sourcecode.swift; path = OnboardingView.swift; sourceTree = "<group>"; };
		B22DEA662C194A22003E6D6D /* HomView.swift */ = {isa = PBXFileReference; lastKnownFileType = sourcecode.swift; path = HomView.swift; sourceTree = "<group>"; };
/* End PBXFileReference section */

/* Begin PBXFrameworksBuildPhase section */
		B22DEA422C1809F1003E6D6D /* Frameworks */ = {
			isa = PBXFrameworksBuildPhase;
			buildActionMask = 2147483647;
			files = (
			);
			runOnlyForDeploymentPostprocessing = 0;
		};
/* End PBXFrameworksBuildPhase section */

/* Begin PBXGroup section */
		B22DEA3C2C1809F1003E6D6D = {
			isa = PBXGroup;
			children = (
				B22DEA472C1809F1003E6D6D /* Restart */,
				B22DEA462C1809F1003E6D6D /* Products */,
			);
			sourceTree = "<group>";
		};
		B22DEA462C1809F1003E6D6D /* Products */ = {
			isa = PBXGroup;
			children = (
				B22DEA452C1809F1003E6D6D /* Restart.app */,
			);
			name = Products;
			sourceTree = "<group>";
		};
		B22DEA472C1809F1003E6D6D /* Restart */ = {
			isa = PBXGroup;
			children = (
				B22DEA632C19404B003E6D6D /* Screen */,
				B22DEA602C193F2B003E6D6D /* Utilities */,
				B22DEA562C180A36003E6D6D /* Resource */,
				B22DEA482C1809F1003E6D6D /* RestartApp.swift */,
				B22DEA4C2C1809F3003E6D6D /* Assets.xcassets */,
				B22DEA4E2C1809F3003E6D6D /* Preview Content */,
			);
			path = Restart;
			sourceTree = "<group>";
		};
		B22DEA4E2C1809F3003E6D6D /* Preview Content */ = {
			isa = PBXGroup;
			children = (
				B22DEA4F2C1809F3003E6D6D /* Preview Assets.xcassets */,
			);
			path = "Preview Content";
			sourceTree = "<group>";
		};
		B22DEA562C180A36003E6D6D /* Resource */ = {
			isa = PBXGroup;
			children = (
				B22DEA572C180A46003E6D6D /* Sounds */,
			);
			path = Resource;
			sourceTree = "<group>";
		};
		B22DEA572C180A46003E6D6D /* Sounds */ = {
			isa = PBXGroup;
			children = (
				B22DEA582C180A46003E6D6D /* chimeup.mp3 */,
				B22DEA592C180A46003E6D6D /* success.m4a */,
			);
			path = Sounds;
			sourceTree = "<group>";
		};
		B22DEA602C193F2B003E6D6D /* Utilities */ = {
			isa = PBXGroup;
			children = (
				B22DEA612C193F3B003E6D6D /* AudioPlayer.swift */,
			);
			path = Utilities;
			sourceTree = "<group>";
		};
		B22DEA632C19404B003E6D6D /* Screen */ = {
			isa = PBXGroup;
			children = (
				B22DEA5C2C180B89003E6D6D /* CircleGroupView.swift */,
				B22DEA642C19405D003E6D6D /* OnboardingView.swift */,
				B22DEA662C194A22003E6D6D /* HomView.swift */,
				B22DEA4A2C1809F1003E6D6D /* ContentView.swift */,
			);
			path = Screen;
			sourceTree = "<group>";
		};
/* End PBXGroup section */

/* Begin PBXNativeTarget section */
		B22DEA442C1809F1003E6D6D /* Restart */ = {
			isa = PBXNativeTarget;
			buildConfigurationList = B22DEA532C1809F3003E6D6D /* Build configuration list for PBXNativeTarget "Restart" */;
			buildPhases = (
				B22DEA412C1809F1003E6D6D /* Sources */,
				B22DEA422C1809F1003E6D6D /* Frameworks */,
				B22DEA432C1809F1003E6D6D /* Resources */,
			);
			buildRules = (
			);
			dependencies = (
			);
			name = Restart;
			productName = Restart;
			productReference = B22DEA452C1809F1003E6D6D /* Restart.app */;
			productType = "com.apple.product-type.application";
		};
/* End PBXNativeTarget section */

/* Begin PBXProject section */
		B22DEA3D2C1809F1003E6D6D /* Project object */ = {
			isa = PBXProject;
			attributes = {
				BuildIndependentTargetsInParallel = 1;
				LastSwiftUpdateCheck = 1500;
				LastUpgradeCheck = 1500;
				TargetAttributes = {
					B22DEA442C1809F1003E6D6D = {
						CreatedOnToolsVersion = 15.0;
					};
				};
			};
			buildConfigurationList = B22DEA402C1809F1003E6D6D /* Build configuration list for PBXProject "Restart" */;
			compatibilityVersion = "Xcode 14.0";
			developmentRegion = en;
			hasScannedForEncodings = 0;
			knownRegions = (
				en,
				Base,
			);
			mainGroup = B22DEA3C2C1809F1003E6D6D;
			productRefGroup = B22DEA462C1809F1003E6D6D /* Products */;
			projectDirPath = "";
			projectRoot = "";
			targets = (
				B22DEA442C1809F1003E6D6D /* Restart */,
			);
		};
/* End PBXProject section */

/* Begin PBXResourcesBuildPhase section */
		B22DEA432C1809F1003E6D6D /* Resources */ = {
			isa = PBXResourcesBuildPhase;
			buildActionMask = 2147483647;
			files = (
				B22DEA5B2C180A46003E6D6D /* success.m4a in Resources */,
				B22DEA5A2C180A46003E6D6D /* chimeup.mp3 in Resources */,
				B22DEA502C1809F3003E6D6D /* Preview Assets.xcassets in Resources */,
				B22DEA4D2C1809F3003E6D6D /* Assets.xcassets in Resources */,
			);
			runOnlyForDeploymentPostprocessing = 0;
		};
/* End PBXResourcesBuildPhase section */

/* Begin PBXSourcesBuildPhase section */
		B22DEA412C1809F1003E6D6D /* Sources */ = {
			isa = PBXSourcesBuildPhase;
			buildActionMask = 2147483647;
			files = (
				B22DEA4B2C1809F1003E6D6D /* ContentView.swift in Sources */,
				B22DEA672C194A22003E6D6D /* HomView.swift in Sources */,
				B22DEA5D2C180B89003E6D6D /* CircleGroupView.swift in Sources */,
				B22DEA492C1809F1003E6D6D /* RestartApp.swift in Sources */,
				B22DEA652C19405D003E6D6D /* OnboardingView.swift in Sources */,
				B22DEA622C193F3B003E6D6D /* AudioPlayer.swift in Sources */,
			);
			runOnlyForDeploymentPostprocessing = 0;
		};
/* End PBXSourcesBuildPhase section */

/* Begin XCBuildConfiguration section */
		B22DEA512C1809F3003E6D6D /* Debug */ = {
			isa = XCBuildConfiguration;
			buildSettings = {
				ALWAYS_SEARCH_USER_PATHS = NO;
				ASSETCATALOG_COMPILER_GENERATE_SWIFT_ASSET_SYMBOL_EXTENSIONS = YES;
				CLANG_ANALYZER_NONNULL = YES;
				CLANG_ANALYZER_NUMBER_OBJECT_CONVERSION = YES_AGGRESSIVE;
				CLANG_CXX_LANGUAGE_STANDARD = "gnu++20";
				CLANG_ENABLE_MODULES = YES;
				CLANG_ENABLE_OBJC_ARC = YES;
				CLANG_ENABLE_OBJC_WEAK = YES;
				CLANG_WARN_BLOCK_CAPTURE_AUTORELEASING = YES;
				CLANG_WARN_BOOL_CONVERSION = YES;
				CLANG_WARN_COMMA = YES;
				CLANG_WARN_CONSTANT_CONVERSION = YES;
				CLANG_WARN_DEPRECATED_OBJC_IMPLEMENTATIONS = YES;
				CLANG_WARN_DIRECT_OBJC_ISA_USAGE = YES_ERROR;
				CLANG_WARN_DOCUMENTATION_COMMENTS = YES;
				CLANG_WARN_EMPTY_BODY = YES;
				CLANG_WARN_ENUM_CONVERSION = YES;
				CLANG_WARN_INFINITE_RECURSION = YES;
				CLANG_WARN_INT_CONVERSION = YES;
				CLANG_WARN_NON_LITERAL_NULL_CONVERSION = YES;
				CLANG_WARN_OBJC_IMPLICIT_RETAIN_SELF = YES;
				CLANG_WARN_OBJC_LITERAL_CONVERSION = YES;
				CLANG_WARN_OBJC_ROOT_CLASS = YES_ERROR;
				CLANG_WARN_QUOTED_INCLUDE_IN_FRAMEWORK_HEADER = YES;
				CLANG_WARN_RANGE_LOOP_ANALYSIS = YES;
				CLANG_WARN_STRICT_PROTOTYPES = YES;
				CLANG_WARN_SUSPICIOUS_MOVE = YES;
				CLANG_WARN_UNGUARDED_AVAILABILITY = YES_AGGRESSIVE;
				CLANG_WARN_UNREACHABLE_CODE = YES;
				CLANG_WARN__DUPLICATE_METHOD_MATCH = YES;
				COPY_PHASE_STRIP = NO;
				DEBUG_INFORMATION_FORMAT = dwarf;
				ENABLE_STRICT_OBJC_MSGSEND = YES;
				ENABLE_TESTABILITY = YES;
				ENABLE_USER_SCRIPT_SANDBOXING = YES;
				GCC_C_LANGUAGE_STANDARD = gnu17;
				GCC_DYNAMIC_NO_PIC = NO;
				GCC_NO_COMMON_BLOCKS = YES;
				GCC_OPTIMIZATION_LEVEL = 0;
				GCC_PREPROCESSOR_DEFINITIONS = (
					"DEBUG=1",
					"$(inherited)",
				);
				GCC_WARN_64_TO_32_BIT_CONVERSION = YES;
				GCC_WARN_ABOUT_RETURN_TYPE = YES_ERROR;
				GCC_WARN_UNDECLARED_SELECTOR = YES;
				GCC_WARN_UNINITIALIZED_AUTOS = YES_AGGRESSIVE;
				GCC_WARN_UNUSED_FUNCTION = YES;
				GCC_WARN_UNUSED_VARIABLE = YES;
				IPHONEOS_DEPLOYMENT_TARGET = 15.0;
				LOCALIZATION_PREFERS_STRING_CATALOGS = YES;
				MTL_ENABLE_DEBUG_INFO = INCLUDE_SOURCE;
				MTL_FAST_MATH = YES;
				ONLY_ACTIVE_ARCH = YES;
				SDKROOT = iphoneos;
				SWIFT_ACTIVE_COMPILATION_CONDITIONS = "DEBUG $(inherited)";
				SWIFT_OPTIMIZATION_LEVEL = "-Onone";
			};
			name = Debug;
		};
		B22DEA522C1809F3003E6D6D /* Release */ = {
			isa = XCBuildConfiguration;
			buildSettings = {
				ALWAYS_SEARCH_USER_PATHS = NO;
				ASSETCATALOG_COMPILER_GENERATE_SWIFT_ASSET_SYMBOL_EXTENSIONS = YES;
				CLANG_ANALYZER_NONNULL = YES;
				CLANG_ANALYZER_NUMBER_OBJECT_CONVERSION = YES_AGGRESSIVE;
				CLANG_CXX_LANGUAGE_STANDARD = "gnu++20";
				CLANG_ENABLE_MODULES = YES;
				CLANG_ENABLE_OBJC_ARC = YES;
				CLANG_ENABLE_OBJC_WEAK = YES;
				CLANG_WARN_BLOCK_CAPTURE_AUTORELEASING = YES;
				CLANG_WARN_BOOL_CONVERSION = YES;
				CLANG_WARN_COMMA = YES;
				CLANG_WARN_CONSTANT_CONVERSION = YES;
				CLANG_WARN_DEPRECATED_OBJC_IMPLEMENTATIONS = YES;
				CLANG_WARN_DIRECT_OBJC_ISA_USAGE = YES_ERROR;
				CLANG_WARN_DOCUMENTATION_COMMENTS = YES;
				CLANG_WARN_EMPTY_BODY = YES;
				CLANG_WARN_ENUM_CONVERSION = YES;
				CLANG_WARN_INFINITE_RECURSION = YES;
				CLANG_WARN_INT_CONVERSION = YES;
				CLANG_WARN_NON_LITERAL_NULL_CONVERSION = YES;
				CLANG_WARN_OBJC_IMPLICIT_RETAIN_SELF = YES;
				CLANG_WARN_OBJC_LITERAL_CONVERSION = YES;
				CLANG_WARN_OBJC_ROOT_CLASS = YES_ERROR;
				CLANG_WARN_QUOTED_INCLUDE_IN_FRAMEWORK_HEADER = YES;
				CLANG_WARN_RANGE_LOOP_ANALYSIS = YES;
				CLANG_WARN_STRICT_PROTOTYPES = YES;
				CLANG_WARN_SUSPICIOUS_MOVE = YES;
				CLANG_WARN_UNGUARDED_AVAILABILITY = YES_AGGRESSIVE;
				CLANG_WARN_UNREACHABLE_CODE = YES;
				CLANG_WARN__DUPLICATE_METHOD_MATCH = YES;
				COPY_PHASE_STRIP = NO;
				DEBUG_INFORMATION_FORMAT = "dwarf-with-dsym";
				ENABLE_NS_ASSERTIONS = NO;
				ENABLE_STRICT_OBJC_MSGSEND = YES;
				ENABLE_USER_SCRIPT_SANDBOXING = YES;
				GCC_C_LANGUAGE_STANDARD = gnu17;
				GCC_NO_COMMON_BLOCKS = YES;
				GCC_WARN_64_TO_32_BIT_CONVERSION = YES;
				GCC_WARN_ABOUT_RETURN_TYPE = YES_ERROR;
				GCC_WARN_UNDECLARED_SELECTOR = YES;
				GCC_WARN_UNINITIALIZED_AUTOS = YES_AGGRESSIVE;
				GCC_WARN_UNUSED_FUNCTION = YES;
				GCC_WARN_UNUSED_VARIABLE = YES;
				IPHONEOS_DEPLOYMENT_TARGET = 15.0;
				LOCALIZATION_PREFERS_STRING_CATALOGS = YES;
				MTL_ENABLE_DEBUG_INFO = NO;
				MTL_FAST_MATH = YES;
				SDKROOT = iphoneos;
				SWIFT_COMPILATION_MODE = wholemodule;
				VALIDATE_PRODUCT = YES;
			};
			name = Release;
		};
		B22DEA542C1809F3003E6D6D /* Debug */ = {
			isa = XCBuildConfiguration;
			buildSettings = {
				ASSETCATALOG_COMPILER_APPICON_NAME = AppIcon;
				ASSETCATALOG_COMPILER_GLOBAL_ACCENT_COLOR_NAME = AccentColor;
				CODE_SIGN_STYLE = Automatic;
				CURRENT_PROJECT_VERSION = 1;
				DEVELOPMENT_ASSET_PATHS = "\"Restart/Preview Content\"";
				DEVELOPMENT_TEAM = 68HHC96FZJ;
				ENABLE_PREVIEWS = YES;
				GENERATE_INFOPLIST_FILE = YES;
				INFOPLIST_KEY_UIApplicationSceneManifest_Generation = YES;
				INFOPLIST_KEY_UIApplicationSupportsIndirectInputEvents = YES;
				INFOPLIST_KEY_UILaunchScreen_Generation = YES;
				INFOPLIST_KEY_UISupportedInterfaceOrientations_iPad = "UIInterfaceOrientationPortrait UIInterfaceOrientationPortraitUpsideDown UIInterfaceOrientationLandscapeLeft UIInterfaceOrientationLandscapeRight";
				INFOPLIST_KEY_UISupportedInterfaceOrientations_iPhone = "UIInterfaceOrientationPortrait UIInterfaceOrientationLandscapeLeft UIInterfaceOrientationLandscapeRight";
				IPHONEOS_DEPLOYMENT_TARGET = 15.0;
				LD_RUNPATH_SEARCH_PATHS = (
					"$(inherited)",
					"@executable_path/Frameworks",
				);
				MARKETING_VERSION = 1.0;
				PRODUCT_BUNDLE_IDENTIFIER = com.Restart;
				PRODUCT_NAME = "$(TARGET_NAME)";
				SWIFT_EMIT_LOC_STRINGS = YES;
				SWIFT_VERSION = 5.0;
				TARGETED_DEVICE_FAMILY = "1,2";
			};
			name = Debug;
		};
		B22DEA552C1809F3003E6D6D /* Release */ = {
			isa = XCBuildConfiguration;
			buildSettings = {
				ASSETCATALOG_COMPILER_APPICON_NAME = AppIcon;
				ASSETCATALOG_COMPILER_GLOBAL_ACCENT_COLOR_NAME = AccentColor;
				CODE_SIGN_STYLE = Automatic;
				CURRENT_PROJECT_VERSION = 1;
				DEVELOPMENT_ASSET_PATHS = "\"Restart/Preview Content\"";
				DEVELOPMENT_TEAM = 68HHC96FZJ;
				ENABLE_PREVIEWS = YES;
				GENERATE_INFOPLIST_FILE = YES;
				INFOPLIST_KEY_UIApplicationSceneManifest_Generation = YES;
				INFOPLIST_KEY_UIApplicationSupportsIndirectInputEvents = YES;
				INFOPLIST_KEY_UILaunchScreen_Generation = YES;
				INFOPLIST_KEY_UISupportedInterfaceOrientations_iPad = "UIInterfaceOrientationPortrait UIInterfaceOrientationPortraitUpsideDown UIInterfaceOrientationLandscapeLeft UIInterfaceOrientationLandscapeRight";
				INFOPLIST_KEY_UISupportedInterfaceOrientations_iPhone = "UIInterfaceOrientationPortrait UIInterfaceOrientationLandscapeLeft UIInterfaceOrientationLandscapeRight";
				IPHONEOS_DEPLOYMENT_TARGET = 15.0;
				LD_RUNPATH_SEARCH_PATHS = (
					"$(inherited)",
					"@executable_path/Frameworks",
				);
				MARKETING_VERSION = 1.0;
				PRODUCT_BUNDLE_IDENTIFIER = com.Restart;
				PRODUCT_NAME = "$(TARGET_NAME)";
				SWIFT_EMIT_LOC_STRINGS = YES;
				SWIFT_VERSION = 5.0;
				TARGETED_DEVICE_FAMILY = "1,2";
			};
			name = Release;
		};
/* End XCBuildConfiguration section */

/* Begin XCConfigurationList section */
		B22DEA402C1809F1003E6D6D /* Build configuration list for PBXProject "Restart" */ = {
			isa = XCConfigurationList;
			buildConfigurations = (
				B22DEA512C1809F3003E6D6D /* Debug */,
				B22DEA522C1809F3003E6D6D /* Release */,
			);
			defaultConfigurationIsVisible = 0;
			defaultConfigurationName = Release;
		};
		B22DEA532C1809F3003E6D6D /* Build configuration list for PBXNativeTarget "Restart" */ = {
			isa = XCConfigurationList;
			buildConfigurations = (
				B22DEA542C1809F3003E6D6D /* Debug */,
				B22DEA552C1809F3003E6D6D /* Release */,
			);
			defaultConfigurationIsVisible = 0;
			defaultConfigurationName = Release;
		};
/* End XCConfigurationList section */
	};
	rootObject = B22DEA3D2C1809F1003E6D6D /* Project object */;
}
